
Microsoft Visual Studio Solution File, Format Version 12.00
# Visual Studio Version 16
VisualStudioVersion = 16.0.30711.63
MinimumVisualStudioVersion = 10.0.40219.1
Project("{FAE04EC0-301F-11D3-BF4B-00C04F79EFBC}") = "KDL_Task_01", "KDL_Task_01\KDL_Task_01.csproj", "{72A3222D-BFA6-4086-A613-2F93C9C8DBE1}"
EndProject
Global
	GlobalSection(SolutionConfigurationPlatforms) = preSolution
		Debug|Any CPU = Debug|Any CPU
		Release|Any CPU = Release|Any CPU
	EndGlobalSection
	GlobalSection(ProjectConfigurationPlatforms) = postSolution
		{72A3222D-BFA6-4086-A613-2F93C9C8DBE1}.Debug|Any CPU.ActiveCfg = Debug|Any CPU
		{72A3222D-BFA6-4086-A613-2F93C9C8DBE1}.Debug|Any CPU.Build.0 = Debug|Any CPU
		{72A3222D-BFA6-4086-A613-2F93C9C8DBE1}.Release|Any CPU.ActiveCfg = Release|Any CPU
		{72A3222D-BFA6-4086-A613-2F93C9C8DBE1}.Release|Any CPU.Build.0 = Release|Any CPU
	EndGlobalSection
	GlobalSection(SolutionProperties) = preSolution
		HideSolutionNode = FALSE
	EndGlobalSection
	GlobalSection(ExtensibilityGlobals) = postSolution
		SolutionGuid = {73571EFB-8058-401F-9E9E-886599C0D309}
	EndGlobalSection
EndGlobal
