
Microsoft Visual Studio Solution File, Format Version 12.00
# Visual Studio Version 16
VisualStudioVersion = 16.0.30711.63
MinimumVisualStudioVersion = 10.0.40219.1
Project("{9A19103F-16F7-4668-BE54-9A1E7A4F7556}") = "KDL_Task_01", "KDL_Task_01\KDL_Task_01.csproj", "{B11BAC93-F931-4FD6-8CD9-6BF7EB0F1973}"
EndProject
Project("{9A19103F-16F7-4668-BE54-9A1E7A4F7556}") = "KDL_Task_02", "KDL_Task_02\KDL_Task_02.csproj", "{6D4A3872-8A0C-411C-8837-704B28EA05E9}"
EndProject
Project("{9A19103F-16F7-4668-BE54-9A1E7A4F7556}") = "KDL_Task_03", "KDL_Task_03\KDL_Task_03.csproj", "{489A5783-5EC5-4E65-BA2E-176B7683CD63}"
EndProject
Project("{FAE04EC0-301F-11D3-BF4B-00C04F79EFBC}") = "KDL_Task_04", "KDL_Task_04\KDL_Task_04.csproj", "{2BB31435-AAE6-4292-B955-CDDE097EEB09}"
EndProject
Global
	GlobalSection(SolutionConfigurationPlatforms) = preSolution
		Debug|Any CPU = Debug|Any CPU
		Release|Any CPU = Release|Any CPU
	EndGlobalSection
	GlobalSection(ProjectConfigurationPlatforms) = postSolution
		{B11BAC93-F931-4FD6-8CD9-6BF7EB0F1973}.Debug|Any CPU.ActiveCfg = Debug|Any CPU
		{B11BAC93-F931-4FD6-8CD9-6BF7EB0F1973}.Debug|Any CPU.Build.0 = Debug|Any CPU
		{B11BAC93-F931-4FD6-8CD9-6BF7EB0F1973}.Release|Any CPU.ActiveCfg = Release|Any CPU
		{B11BAC93-F931-4FD6-8CD9-6BF7EB0F1973}.Release|Any CPU.Build.0 = Release|Any CPU
		{6D4A3872-8A0C-411C-8837-704B28EA05E9}.Debug|Any CPU.ActiveCfg = Debug|Any CPU
		{6D4A3872-8A0C-411C-8837-704B28EA05E9}.Debug|Any CPU.Build.0 = Debug|Any CPU
		{6D4A3872-8A0C-411C-8837-704B28EA05E9}.Release|Any CPU.ActiveCfg = Release|Any CPU
		{6D4A3872-8A0C-411C-8837-704B28EA05E9}.Release|Any CPU.Build.0 = Release|Any CPU
		{489A5783-5EC5-4E65-BA2E-176B7683CD63}.Debug|Any CPU.ActiveCfg = Debug|Any CPU
		{489A5783-5EC5-4E65-BA2E-176B7683CD63}.Debug|Any CPU.Build.0 = Debug|Any CPU
		{489A5783-5EC5-4E65-BA2E-176B7683CD63}.Release|Any CPU.ActiveCfg = Release|Any CPU
		{489A5783-5EC5-4E65-BA2E-176B7683CD63}.Release|Any CPU.Build.0 = Release|Any CPU
		{2BB31435-AAE6-4292-B955-CDDE097EEB09}.Debug|Any CPU.ActiveCfg = Debug|Any CPU
		{2BB31435-AAE6-4292-B955-CDDE097EEB09}.Debug|Any CPU.Build.0 = Debug|Any CPU
		{2BB31435-AAE6-4292-B955-CDDE097EEB09}.Release|Any CPU.ActiveCfg = Release|Any CPU
		{2BB31435-AAE6-4292-B955-CDDE097EEB09}.Release|Any CPU.Build.0 = Release|Any CPU
	EndGlobalSection
	GlobalSection(SolutionProperties) = preSolution
		HideSolutionNode = FALSE
	EndGlobalSection
	GlobalSection(ExtensibilityGlobals) = postSolution
		SolutionGuid = {F36EF926-7AAF-4516-9753-93643F01FA26}
	EndGlobalSection
EndGlobal
